<?xml version="1.0" encoding="utf-8"?>
<Project ToolsVersion="4.0" xmlns="http://schemas.microsoft.com/developer/msbuild/2003">
  <ItemGroup>
    <Filter Include="Source Files">
      <UniqueIdentifier>{4FC737F1-C7A5-4376-A066-2A32D752A2FF}</UniqueIdentifier>
      <Extensions>cpp;c;cc;cxx;c++;cppm;ixx;def;odl;idl;hpj;bat;asm;asmx</Extensions>
    </Filter>
    <Filter Include="Header Files">
      <UniqueIdentifier>{93995380-89BD-4b04-88EB-625FBE52EBFB}</UniqueIdentifier>
      <Extensions>h;hh;hpp;hxx;h++;hm;inl;inc;ipp;xsd</Extensions>
    </Filter>
    <Filter Include="Features">
      <UniqueIdentifier>{0d6b0457-c924-4696-93ce-b00468e13f96}</UniqueIdentifier>
    </Filter>
    <Filter Include="Features\ExhaustFX">
      <UniqueIdentifier>{2379a546-b9dd-456a-8d6d-e2846237eb0f}</UniqueIdentifier>
    </Filter>
    <Filter Include="GameApi">
      <UniqueIdentifier>{b2d27f5b-2084-45e1-9bca-f9ccec6968ef}</UniqueIdentifier>
    </Filter>
    <Filter Include="Features\Menu">
      <UniqueIdentifier>{57708a3e-7692-4e9c-a08c-d3185c12f31d}</UniqueIdentifier>
    </Filter>
    <Filter Include="Features\ForceLodA">
      <UniqueIdentifier>{5ebe3f29-8927-4006-b2cd-b45f2b077802}</UniqueIdentifier>
    </Filter>
    <Filter Include="Features\TextureReplace">
      <UniqueIdentifier>{319eee28-3f13-482f-aca5-d5d86718cc81}</UniqueIdentifier>
    </Filter>
    <Filter Include="Features\Fixes">
      <UniqueIdentifier>{c07e4bb2-0a1b-45ad-98ce-01b9541861e4}</UniqueIdentifier>
    </Filter>
    <Filter Include="Features\Neon">
      <UniqueIdentifier>{0fe08d69-3606-4eb9-94bc-a2a46e27cb16}</UniqueIdentifier>
    </Filter>
    <Filter Include="Features\WheelAdjustments">
      <UniqueIdentifier>{5ea253f9-4b90-4cb5-ab68-88b20bf9154a}</UniqueIdentifier>
    </Filter>
    <Filter Include="Config">
      <UniqueIdentifier>{85fab511-cd68-4a66-9049-101b724d79c3}</UniqueIdentifier>
    </Filter>
    <Filter Include="Features\SpecialCustomization">
      <UniqueIdentifier>{6208e9ba-64e5-4953-88e6-6505cf0e2ff9}</UniqueIdentifier>
    </Filter>
    <Filter Include="Features\HeadlightsColor">
      <UniqueIdentifier>{6b27cb60-57ac-4141-b9b1-031b4bb6b3fc}</UniqueIdentifier>
    </Filter>
  </ItemGroup>
  <ItemGroup>
    <ClCompile Include="dllmain.cpp">
      <Filter>Source Files</Filter>
    </ClCompile>
    <ClCompile Include="ExhaustFX.cpp">
      <Filter>Features\ExhaustFX</Filter>
    </ClCompile>
    <ClCompile Include="HandleSpecialCustomization.cpp">
      <Filter>Features\SpecialCustomization</Filter>
    </ClCompile>
    <ClCompile Include="GameApi.cpp">
      <Filter>GameApi</Filter>
    </ClCompile>
    <ClCompile Include="Menu.cpp">
      <Filter>Features\Menu</Filter>
    </ClCompile>
    <ClCompile Include="ForceLodA.cpp">
      <Filter>Features\ForceLodA</Filter>
    </ClCompile>
    <ClCompile Include="TextureReplace.cpp">
      <Filter>Features\TextureReplace</Filter>
    </ClCompile>
    <ClCompile Include="Fixes.cpp">
      <Filter>Features\Fixes</Filter>
    </ClCompile>
    <ClCompile Include="Neon.cpp">
      <Filter>Features\Neon</Filter>
    </ClCompile>
    <ClCompile Include="WheelAdjustments.cpp">
      <Filter>Features\WheelAdjustments</Filter>
    </ClCompile>
    <ClCompile Include="Config.cpp">
      <Filter>Config</Filter>
    </ClCompile>
    <ClCompile Include="SpecialCustomization.cpp">
      <Filter>Features\SpecialCustomization</Filter>
    </ClCompile>
    <ClCompile Include="RandomParts.cpp">
      <Filter>Features\SpecialCustomization</Filter>
    </ClCompile>
    <ClCompile Include="HeadlightsColor.cpp">
      <Filter>Features\HeadlightsColor</Filter>
    </ClCompile>
  </ItemGroup>
  <ItemGroup>
    <ClInclude Include="Feature.h">
      <Filter>Header Files</Filter>
    </ClInclude>
    <ClInclude Include="ExhaustFX.h">
      <Filter>Features\ExhaustFX</Filter>
    </ClInclude>
    <ClInclude Include="HandleSpecialCustomization.h">
      <Filter>Features\SpecialCustomization</Filter>
    </ClInclude>
    <ClInclude Include="GameApi.h">
      <Filter>GameApi</Filter>
    </ClInclude>
    <ClInclude Include="Menu.h">
      <Filter>Features\Menu</Filter>
    </ClInclude>
    <ClInclude Include="ForceLodA.h">
      <Filter>Features\ForceLodA</Filter>
    </ClInclude>
    <ClInclude Include="Parts.h">
      <Filter>Header Files</Filter>
    </ClInclude>
    <ClInclude Include="TextureReplace.h">
      <Filter>Features\TextureReplace</Filter>
    </ClInclude>
    <ClInclude Include="Fixes.h">
      <Filter>Features\Fixes</Filter>
    </ClInclude>
    <ClInclude Include="Neon.h">
      <Filter>Features\Neon</Filter>
    </ClInclude>
    <ClInclude Include="WheelAdjustments.h">
      <Filter>Features\WheelAdjustments</Filter>
    </ClInclude>
    <ClInclude Include="Config.h">
      <Filter>Config</Filter>
    </ClInclude>
    <ClInclude Include="SpecialCustomization.h">
      <Filter>Features\SpecialCustomization</Filter>
    </ClInclude>
    <ClInclude Include="RandomParts.h">
      <Filter>Features\SpecialCustomization</Filter>
    </ClInclude>
    <ClInclude Include="HeadlightsColor.h">
      <Filter>Features\HeadlightsColor</Filter>
    </ClInclude>
    <ClInclude Include="GameStructs.h">
      <Filter>GameApi</Filter>
    </ClInclude>
  </ItemGroup>
</Project>